// !$*UTF8*$!
{
	archiveVersion = 1;
	classes = {
	};
	objectVersion = 50;
	objects = {

/* Begin PBXBuildFile section */
		167123AC5355D3FD27D3207B /* libPods-mapApiTest.a in Frameworks */ = {isa = PBXBuildFile; fileRef = 58A80F40B004E2042B6CB123 /* libPods-mapApiTest.a */; };
		C8EAE0F523780513002E968E /* AppDelegate.swift in Sources */ = {isa = PBXBuildFile; fileRef = C8EAE0F423780513002E968E /* AppDelegate.swift */; };
		C8EAE0F723780513002E968E /* SceneDelegate.swift in Sources */ = {isa = PBXBuildFile; fileRef = C8EAE0F623780513002E968E /* SceneDelegate.swift */; };
		C8EAE0F923780513002E968E /* ViewController.swift in Sources */ = {isa = PBXBuildFile; fileRef = C8EAE0F823780513002E968E /* ViewController.swift */; };
		C8EAE0FC23780513002E968E /* Main.storyboard in Resources */ = {isa = PBXBuildFile; fileRef = C8EAE0FA23780513002E968E /* Main.storyboard */; };
		C8EAE0FE23780517002E968E /* Assets.xcassets in Resources */ = {isa = PBXBuildFile; fileRef = C8EAE0FD23780517002E968E /* Assets.xcassets */; };
		C8EAE10123780517002E968E /* LaunchScreen.storyboard in Resources */ = {isa = PBXBuildFile; fileRef = C8EAE0FF23780517002E968E /* LaunchScreen.storyboard */; };
		C8EAE109237805A7002E968E /* PodFile in Resources */ = {isa = PBXBuildFile; fileRef = C8EAE108237805A7002E968E /* PodFile */; };
/* End PBXBuildFile section */

/* Begin PBXFileReference section */
		375A5C7692D0818369BA925E /* Pods-mapApiTest.release.xcconfig */ = {isa = PBXFileReference; includeInIndex = 1; lastKnownFileType = text.xcconfig; name = "Pods-mapApiTest.release.xcconfig"; path = "Target Support Files/Pods-mapApiTest/Pods-mapApiTest.release.xcconfig"; sourceTree = "<group>"; };
		58A80F40B004E2042B6CB123 /* libPods-mapApiTest.a */ = {isa = PBXFileReference; explicitFileType = archive.ar; includeInIndex = 0; path = "libPods-mapApiTest.a"; sourceTree = BUILT_PRODUCTS_DIR; };
		C8EAE0F123780513002E968E /* mapApiTest.app */ = {isa = PBXFileReference; explicitFileType = wrapper.application; includeInIndex = 0; path = mapApiTest.app; sourceTree = BUILT_PRODUCTS_DIR; };
		C8EAE0F423780513002E968E /* AppDelegate.swift */ = {isa = PBXFileReference; lastKnownFileType = sourcecode.swift; path = AppDelegate.swift; sourceTree = "<group>"; };
		C8EAE0F623780513002E968E /* SceneDelegate.swift */ = {isa = PBXFileReference; lastKnownFileType = sourcecode.swift; path = SceneDelegate.swift; sourceTree = "<group>"; };
		C8EAE0F823780513002E968E /* ViewController.swift */ = {isa = PBXFileReference; lastKnownFileType = sourcecode.swift; path = ViewController.swift; sourceTree = "<group>"; };
		C8EAE0FB23780513002E968E /* Base */ = {isa = PBXFileReference; lastKnownFileType = file.storyboard; name = Base; path = Base.lproj/Main.storyboard; sourceTree = "<group>"; };
		C8EAE0FD23780517002E968E /* Assets.xcassets */ = {isa = PBXFileReference; lastKnownFileType = folder.assetcatalog; path = Assets.xcassets; sourceTree = "<group>"; };
		C8EAE10023780517002E968E /* Base */ = {isa = PBXFileReference; lastKnownFileType = file.storyboard; name = Base; path = Base.lproj/LaunchScreen.storyboard; sourceTree = "<group>"; };
		C8EAE10223780517002E968E /* Info.plist */ = {isa = PBXFileReference; lastKnownFileType = text.plist.xml; path = Info.plist; sourceTree = "<group>"; };
		C8EAE108237805A7002E968E /* PodFile */ = {isa = PBXFileReference; lastKnownFileType = text; path = PodFile; sourceTree = "<group>"; };
		CEB144E30DCC79D467AC3A68 /* Pods-mapApiTest.debug.xcconfig */ = {isa = PBXFileReference; includeInIndex = 1; lastKnownFileType = text.xcconfig; name = "Pods-mapApiTest.debug.xcconfig"; path = "Target Support Files/Pods-mapApiTest/Pods-mapApiTest.debug.xcconfig"; sourceTree = "<group>"; };
/* End PBXFileReference section */

/* Begin PBXFrameworksBuildPhase section */
		C8EAE0EE23780513002E968E /* Frameworks */ = {
			isa = PBXFrameworksBuildPhase;
			buildActionMask = 2147483647;
			files = (
				167123AC5355D3FD27D3207B /* libPods-mapApiTest.a in Frameworks */,
			);
			runOnlyForDeploymentPostprocessing = 0;
		};
/* End PBXFrameworksBuildPhase section */

/* Begin PBXGroup section */
		555C34FD0401D6501B44F6AE /* Pods */ = {
			isa = PBXGroup;
			children = (
				CEB144E30DCC79D467AC3A68 /* Pods-mapApiTest.debug.xcconfig */,
				375A5C7692D0818369BA925E /* Pods-mapApiTest.release.xcconfig */,
			);
			name = Pods;
			path = Pods;
			sourceTree = "<group>";
		};
		9BD814C5A9159CF2ADF325C5 /* Frameworks */ = {
			isa = PBXGroup;
			children = (
				58A80F40B004E2042B6CB123 /* libPods-mapApiTest.a */,
			);
			name = Frameworks;
			sourceTree = "<group>";
		};
		C8EAE0E823780512002E968E = {
			isa = PBXGroup;
			children = (
				C8EAE108237805A7002E968E /* PodFile */,
				C8EAE0F323780513002E968E /* mapApiTest */,
				C8EAE0F223780513002E968E /* Products */,
				555C34FD0401D6501B44F6AE /* Pods */,
				9BD814C5A9159CF2ADF325C5 /* Frameworks */,
			);
			sourceTree = "<group>";
		};
		C8EAE0F223780513002E968E /* Products */ = {
			isa = PBXGroup;
			children = (
				C8EAE0F123780513002E968E /* mapApiTest.app */,
			);
			name = Products;
			sourceTree = "<group>";
		};
		C8EAE0F323780513002E968E /* mapApiTest */ = {
			isa = PBXGroup;
			children = (
				C8EAE0F423780513002E968E /* AppDelegate.swift */,
				C8EAE0F623780513002E968E /* SceneDelegate.swift */,
				C8EAE0F823780513002E968E /* ViewController.swift */,
				C8EAE0FA23780513002E968E /* Main.storyboard */,
				C8EAE0FD23780517002E968E /* Assets.xcassets */,
				C8EAE0FF23780517002E968E /* LaunchScreen.storyboard */,
				C8EAE10223780517002E968E /* Info.plist */,
			);
			path = mapApiTest;
			sourceTree = "<group>";
		};
/* End PBXGroup section */

/* Begin PBXNativeTarget section */
		C8EAE0F023780513002E968E /* mapApiTest */ = {
			isa = PBXNativeTarget;
			buildConfigurationList = C8EAE10523780517002E968E /* Build configuration list for PBXNativeTarget "mapApiTest" */;
			buildPhases = (
				95079C982A64F5CA0BDF2237 /* [CP] Check Pods Manifest.lock */,
				C8EAE0ED23780513002E968E /* Sources */,
				C8EAE0EE23780513002E968E /* Frameworks */,
				C8EAE0EF23780513002E968E /* Resources */,
				88249407601D7240EEFAFE9A /* [CP] Copy Pods Resources */,
			);
			buildRules = (
			);
			dependencies = (
			);
			name = mapApiTest;
			productName = mapApiTest;
			productReference = C8EAE0F123780513002E968E /* mapApiTest.app */;
			productType = "com.apple.product-type.application";
		};
/* End PBXNativeTarget section */

/* Begin PBXProject section */
		C8EAE0E923780512002E968E /* Project object */ = {
			isa = PBXProject;
			attributes = {
				LastSwiftUpdateCheck = 1110;
				LastUpgradeCheck = 1110;
				ORGANIZATIONNAME = "Tigran Vilasyan";
				TargetAttributes = {
					C8EAE0F023780513002E968E = {
						CreatedOnToolsVersion = 11.1;
					};
				};
			};
			buildConfigurationList = C8EAE0EC23780512002E968E /* Build configuration list for PBXProject "mapApiTest" */;
			compatibilityVersion = "Xcode 9.3";
			developmentRegion = en;
			hasScannedForEncodings = 0;
			knownRegions = (
				en,
				Base,
			);
			mainGroup = C8EAE0E823780512002E968E;
			productRefGroup = C8EAE0F223780513002E968E /* Products */;
			projectDirPath = "";
			projectRoot = "";
			targets = (
				C8EAE0F023780513002E968E /* mapApiTest */,
			);
		};
/* End PBXProject section */

/* Begin PBXResourcesBuildPhase section */
		C8EAE0EF23780513002E968E /* Resources */ = {
			isa = PBXResourcesBuildPhase;
			buildActionMask = 2147483647;
			files = (
				C8EAE10123780517002E968E /* LaunchScreen.storyboard in Resources */,
				C8EAE0FE23780517002E968E /* Assets.xcassets in Resources */,
				C8EAE109237805A7002E968E /* PodFile in Resources */,
				C8EAE0FC23780513002E968E /* Main.storyboard in Resources */,
			);
			runOnlyForDeploymentPostprocessing = 0;
		};
/* End PBXResourcesBuildPhase section */

/* Begin PBXShellScriptBuildPhase section */
		88249407601D7240EEFAFE9A /* [CP] Copy Pods Resources */ = {
			isa = PBXShellScriptBuildPhase;
			buildActionMask = 2147483647;
			files = (
			);
			inputFileListPaths = (
				"${PODS_ROOT}/Target Support Files/Pods-mapApiTest/Pods-mapApiTest-resources-${CONFIGURATION}-input-files.xcfilelist",
			);
			name = "[CP] Copy Pods Resources";
			outputFileListPaths = (
				"${PODS_ROOT}/Target Support Files/Pods-mapApiTest/Pods-mapApiTest-resources-${CONFIGURATION}-output-files.xcfilelist",
			);
			runOnlyForDeploymentPostprocessing = 0;
			shellPath = /bin/sh;
			shellScript = "\"${PODS_ROOT}/Target Support Files/Pods-mapApiTest/Pods-mapApiTest-resources.sh\"\n";
			showEnvVarsInLog = 0;
		};
		95079C982A64F5CA0BDF2237 /* [CP] Check Pods Manifest.lock */ = {
			isa = PBXShellScriptBuildPhase;
			buildActionMask = 2147483647;
			files = (
			);
			inputFileListPaths = (
			);
			inputPaths = (
				"${PODS_PODFILE_DIR_PATH}/Podfile.lock",
				"${PODS_ROOT}/Manifest.lock",
			);
			name = "[CP] Check Pods Manifest.lock";
			outputFileListPaths = (
			);
			outputPaths = (
				"$(DERIVED_FILE_DIR)/Pods-mapApiTest-checkManifestLockResult.txt",
			);
			runOnlyForDeploymentPostprocessing = 0;
			shellPath = /bin/sh;
			shellScript = "diff \"${PODS_PODFILE_DIR_PATH}/Podfile.lock\" \"${PODS_ROOT}/Manifest.lock\" > /dev/null\nif [ $? != 0 ] ; then\n    # print error to STDERR\n    echo \"error: The sandbox is not in sync with the Podfile.lock. Run 'pod install' or update your CocoaPods installation.\" >&2\n    exit 1\nfi\n# This output is used by Xcode 'outputs' to avoid re-running this script phase.\necho \"SUCCESS\" > \"${SCRIPT_OUTPUT_FILE_0}\"\n";
			showEnvVarsInLog = 0;
		};
/* End PBXShellScriptBuildPhase section */

/* Begin PBXSourcesBuildPhase section */
		C8EAE0ED23780513002E968E /* Sources */ = {
			isa = PBXSourcesBuildPhase;
			buildActionMask = 2147483647;
			files = (
				C8EAE0F923780513002E968E /* ViewController.swift in Sources */,
				C8EAE0F523780513002E968E /* AppDelegate.swift in Sources */,
				C8EAE0F723780513002E968E /* SceneDelegate.swift in Sources */,
			);
			runOnlyForDeploymentPostprocessing = 0;
		};
/* End PBXSourcesBuildPhase section */

/* Begin PBXVariantGroup section */
		C8EAE0FA23780513002E968E /* Main.storyboard */ = {
			isa = PBXVariantGroup;
			children = (
				C8EAE0FB23780513002E968E /* Base */,
			);
			name = Main.storyboard;
			sourceTree = "<group>";
		};
		C8EAE0FF23780517002E968E /* LaunchScreen.storyboard */ = {
			isa = PBXVariantGroup;
			children = (
				C8EAE10023780517002E968E /* Base */,
			);
			name = LaunchScreen.storyboard;
			sourceTree = "<group>";
		};
/* End PBXVariantGroup section */

/* Begin XCBuildConfiguration section */
		C8EAE10323780517002E968E /* Debug */ = {
			isa = XCBuildConfiguration;
			buildSettings = {
				ALWAYS_SEARCH_USER_PATHS = NO;
				CLANG_ANALYZER_NONNULL = YES;
				CLANG_ANALYZER_NUMBER_OBJECT_CONVERSION = YES_AGGRESSIVE;
				CLANG_CXX_LANGUAGE_STANDARD = "gnu++14";
				CLANG_CXX_LIBRARY = "libc++";
				CLANG_ENABLE_MODULES = YES;
				CLANG_ENABLE_OBJC_ARC = YES;
				CLANG_ENABLE_OBJC_WEAK = YES;
				CLANG_WARN_BLOCK_CAPTURE_AUTORELEASING = YES;
				CLANG_WARN_BOOL_CONVERSION = YES;
				CLANG_WARN_COMMA = YES;
				CLANG_WARN_CONSTANT_CONVERSION = YES;
				CLANG_WARN_DEPRECATED_OBJC_IMPLEMENTATIONS = YES;
				CLANG_WARN_DIRECT_OBJC_ISA_USAGE = YES_ERROR;
				CLANG_WARN_DOCUMENTATION_COMMENTS = YES;
				CLANG_WARN_EMPTY_BODY = YES;
				CLANG_WARN_ENUM_CONVERSION = YES;
				CLANG_WARN_INFINITE_RECURSION = YES;
				CLANG_WARN_INT_CONVERSION = YES;
				CLANG_WARN_NON_LITERAL_NULL_CONVERSION = YES;
				CLANG_WARN_OBJC_IMPLICIT_RETAIN_SELF = YES;
				CLANG_WARN_OBJC_LITERAL_CONVERSION = YES;
				CLANG_WARN_OBJC_ROOT_CLASS = YES_ERROR;
				CLANG_WARN_RANGE_LOOP_ANALYSIS = YES;
				CLANG_WARN_STRICT_PROTOTYPES = YES;
				CLANG_WARN_SUSPICIOUS_MOVE = YES;
				CLANG_WARN_UNGUARDED_AVAILABILITY = YES_AGGRESSIVE;
				CLANG_WARN_UNREACHABLE_CODE = YES;
				CLANG_WARN__DUPLICATE_METHOD_MATCH = YES;
				COPY_PHASE_STRIP = NO;
				DEBUG_INFORMATION_FORMAT = dwarf;
				ENABLE_STRICT_OBJC_MSGSEND = YES;
				ENABLE_TESTABILITY = YES;
				GCC_C_LANGUAGE_STANDARD = gnu11;
				GCC_DYNAMIC_NO_PIC = NO;
				GCC_NO_COMMON_BLOCKS = YES;
				GCC_OPTIMIZATION_LEVEL = 0;
				GCC_PREPROCESSOR_DEFINITIONS = (
					"DEBUG=1",
					"$(inherited)",
				);
				GCC_WARN_64_TO_32_BIT_CONVERSION = YES;
				GCC_WARN_ABOUT_RETURN_TYPE = YES_ERROR;
				GCC_WARN_UNDECLARED_SELECTOR = YES;
				GCC_WARN_UNINITIALIZED_AUTOS = YES_AGGRESSIVE;
				GCC_WARN_UNUSED_FUNCTION = YES;
				GCC_WARN_UNUSED_VARIABLE = YES;
				IPHONEOS_DEPLOYMENT_TARGET = 13.1;
				MTL_ENABLE_DEBUG_INFO = INCLUDE_SOURCE;
				MTL_FAST_MATH = YES;
				ONLY_ACTIVE_ARCH = YES;
				SDKROOT = iphoneos;
				SWIFT_ACTIVE_COMPILATION_CONDITIONS = DEBUG;
				SWIFT_OPTIMIZATION_LEVEL = "-Onone";
			};
			name = Debug;
		};
		C8EAE10423780517002E968E /* Release */ = {
			isa = XCBuildConfiguration;
			buildSettings = {
				ALWAYS_SEARCH_USER_PATHS = NO;
				CLANG_ANALYZER_NONNULL = YES;
				CLANG_ANALYZER_NUMBER_OBJECT_CONVERSION = YES_AGGRESSIVE;
				CLANG_CXX_LANGUAGE_STANDARD = "gnu++14";
				CLANG_CXX_LIBRARY = "libc++";
				CLANG_ENABLE_MODULES = YES;
				CLANG_ENABLE_OBJC_ARC = YES;
				CLANG_ENABLE_OBJC_WEAK = YES;
				CLANG_WARN_BLOCK_CAPTURE_AUTORELEASING = YES;
				CLANG_WARN_BOOL_CONVERSION = YES;
				CLANG_WARN_COMMA = YES;
				CLANG_WARN_CONSTANT_CONVERSION = YES;
				CLANG_WARN_DEPRECATED_OBJC_IMPLEMENTATIONS = YES;
				CLANG_WARN_DIRECT_OBJC_ISA_USAGE = YES_ERROR;
				CLANG_WARN_DOCUMENTATION_COMMENTS = YES;
				CLANG_WARN_EMPTY_BODY = YES;
				CLANG_WARN_ENUM_CONVERSION = YES;
				CLANG_WARN_INFINITE_RECURSION = YES;
				CLANG_WARN_INT_CONVERSION = YES;
				CLANG_WARN_NON_LITERAL_NULL_CONVERSION = YES;
				CLANG_WARN_OBJC_IMPLICIT_RETAIN_SELF = YES;
				CLANG_WARN_OBJC_LITERAL_CONVERSION = YES;
				CLANG_WARN_OBJC_ROOT_CLASS = YES_ERROR;
				CLANG_WARN_RANGE_LOOP_ANALYSIS = YES;
				CLANG_WARN_STRICT_PROTOTYPES = YES;
				CLANG_WARN_SUSPICIOUS_MOVE = YES;
				CLANG_WARN_UNGUARDED_AVAILABILITY = YES_AGGRESSIVE;
				CLANG_WARN_UNREACHABLE_CODE = YES;
				CLANG_WARN__DUPLICATE_METHOD_MATCH = YES;
				COPY_PHASE_STRIP = NO;
				DEBUG_INFORMATION_FORMAT = "dwarf-with-dsym";
				ENABLE_NS_ASSERTIONS = NO;
				ENABLE_STRICT_OBJC_MSGSEND = YES;
				GCC_C_LANGUAGE_STANDARD = gnu11;
				GCC_NO_COMMON_BLOCKS = YES;
				GCC_WARN_64_TO_32_BIT_CONVERSION = YES;
				GCC_WARN_ABOUT_RETURN_TYPE = YES_ERROR;
				GCC_WARN_UNDECLARED_SELECTOR = YES;
				GCC_WARN_UNINITIALIZED_AUTOS = YES_AGGRESSIVE;
				GCC_WARN_UNUSED_FUNCTION = YES;
				GCC_WARN_UNUSED_VARIABLE = YES;
				IPHONEOS_DEPLOYMENT_TARGET = 13.1;
				MTL_ENABLE_DEBUG_INFO = NO;
				MTL_FAST_MATH = YES;
				SDKROOT = iphoneos;
				SWIFT_COMPILATION_MODE = wholemodule;
				SWIFT_OPTIMIZATION_LEVEL = "-O";
				VALIDATE_PRODUCT = YES;
			};
			name = Release;
		};
		C8EAE10623780517002E968E /* Debug */ = {
			isa = XCBuildConfiguration;
			baseConfigurationReference = CEB144E30DCC79D467AC3A68 /* Pods-mapApiTest.debug.xcconfig */;
			buildSettings = {
				ASSETCATALOG_COMPILER_APPICON_NAME = AppIcon;
				CODE_SIGN_STYLE = Automatic;
				INFOPLIST_FILE = mapApiTest/Info.plist;
				LD_RUNPATH_SEARCH_PATHS = (
					"$(inherited)",
					"@executable_path/Frameworks",
				);
				PRODUCT_BUNDLE_IDENTIFIER = MyFirstApp.mapApiTest;
				PRODUCT_NAME = "$(TARGET_NAME)";
				SWIFT_VERSION = 5.0;
				TARGETED_DEVICE_FAMILY = "1,2";
			};
			name = Debug;
		};
		C8EAE10723780517002E968E /* Release */ = {
			isa = XCBuildConfiguration;
			baseConfigurationReference = 375A5C7692D0818369BA925E /* Pods-mapApiTest.release.xcconfig */;
			buildSettings = {
				ASSETCATALOG_COMPILER_APPICON_NAME = AppIcon;
				CODE_SIGN_STYLE = Automatic;
				INFOPLIST_FILE = mapApiTest/Info.plist;
				LD_RUNPATH_SEARCH_PATHS = (
					"$(inherited)",
					"@executable_path/Frameworks",
				);
				PRODUCT_BUNDLE_IDENTIFIER = MyFirstApp.mapApiTest;
				PRODUCT_NAME = "$(TARGET_NAME)";
				SWIFT_VERSION = 5.0;
				TARGETED_DEVICE_FAMILY = "1,2";
			};
			name = Release;
		};
/* End XCBuildConfiguration section */

/* Begin XCConfigurationList section */
		C8EAE0EC23780512002E968E /* Build configuration list for PBXProject "mapApiTest" */ = {
			isa = XCConfigurationList;
			buildConfigurations = (
				C8EAE10323780517002E968E /* Debug */,
				C8EAE10423780517002E968E /* Release */,
			);
			defaultConfigurationIsVisible = 0;
			defaultConfigurationName = Release;
		};
		C8EAE10523780517002E968E /* Build configuration list for PBXNativeTarget "mapApiTest" */ = {
			isa = XCConfigurationList;
			buildConfigurations = (
				C8EAE10623780517002E968E /* Debug */,
				C8EAE10723780517002E968E /* Release */,
			);
			defaultConfigurationIsVisible = 0;
			defaultConfigurationName = Release;
		};
/* End XCConfigurationList section */
	};
	rootObject = C8EAE0E923780512002E968E /* Project object */;
}
